
Microsoft Visual Studio Solution File, Format Version 12.00
# Visual Studio Version 17
VisualStudioVersion = 17.3.32922.545
MinimumVisualStudioVersion = 10.0.40219.1
Project("{FAE04EC0-301F-11D3-BF4B-00C04F79EFBC}") = "WucizeWebProject", "WucizeWebProject\WucizeWebProject.csproj", "{E0BB3424-2B12-424F-898E-558EBB1C307B}"
EndProject
Project("{FAE04EC0-301F-11D3-BF4B-00C04F79EFBC}") = "Entities", "Entities\Entities.csproj", "{8655B37B-2B2F-425C-8626-DA5C30D49C75}"
EndProject
Project("{FAE04EC0-301F-11D3-BF4B-00C04F79EFBC}") = "DataAccess", "DataAccess\DataAccess.csproj", "{08265B7A-B1A3-4CB9-93BE-DB866C1BC4A6}"
EndProject
Global
	GlobalSection(SolutionConfigurationPlatforms) = preSolution
		Debug|Any CPU = Debug|Any CPU
		Release|Any CPU = Release|Any CPU
	EndGlobalSection
	GlobalSection(ProjectConfigurationPlatforms) = postSolution
		{E0BB3424-2B12-424F-898E-558EBB1C307B}.Debug|Any CPU.ActiveCfg = Debug|Any CPU
		{E0BB3424-2B12-424F-898E-558EBB1C307B}.Debug|Any CPU.Build.0 = Debug|Any CPU
		{E0BB3424-2B12-424F-898E-558EBB1C307B}.Release|Any CPU.ActiveCfg = Release|Any CPU
		{E0BB3424-2B12-424F-898E-558EBB1C307B}.Release|Any CPU.Build.0 = Release|Any CPU
		{8655B37B-2B2F-425C-8626-DA5C30D49C75}.Debug|Any CPU.ActiveCfg = Debug|Any CPU
		{8655B37B-2B2F-425C-8626-DA5C30D49C75}.Debug|Any CPU.Build.0 = Debug|Any CPU
		{8655B37B-2B2F-425C-8626-DA5C30D49C75}.Release|Any CPU.ActiveCfg = Release|Any CPU
		{8655B37B-2B2F-425C-8626-DA5C30D49C75}.Release|Any CPU.Build.0 = Release|Any CPU
		{08265B7A-B1A3-4CB9-93BE-DB866C1BC4A6}.Debug|Any CPU.ActiveCfg = Debug|Any CPU
		{08265B7A-B1A3-4CB9-93BE-DB866C1BC4A6}.Debug|Any CPU.Build.0 = Debug|Any CPU
		{08265B7A-B1A3-4CB9-93BE-DB866C1BC4A6}.Release|Any CPU.ActiveCfg = Release|Any CPU
		{08265B7A-B1A3-4CB9-93BE-DB866C1BC4A6}.Release|Any CPU.Build.0 = Release|Any CPU
	EndGlobalSection
	GlobalSection(SolutionProperties) = preSolution
		HideSolutionNode = FALSE
	EndGlobalSection
	GlobalSection(ExtensibilityGlobals) = postSolution
		SolutionGuid = {42CA7222-C3BE-4B62-8004-479DDD11143B}
	EndGlobalSection
EndGlobal
